
Microsoft Visual Studio Solution File, Format Version 12.00
Project("{FAE04EC0-301F-11D3-BF4B-00C04F79EFBC}") = "Day2Dive", "Day2Dive\Day2Dive.csproj", "{B4E95625-B182-48F9-A6E8-4FBF1E35FD7C}"
EndProject
Global
	GlobalSection(SolutionConfigurationPlatforms) = preSolution
		Debug|Any CPU = Debug|Any CPU
		Release|Any CPU = Release|Any CPU
	EndGlobalSection
	GlobalSection(ProjectConfigurationPlatforms) = postSolution
		{B4E95625-B182-48F9-A6E8-4FBF1E35FD7C}.Debug|Any CPU.ActiveCfg = Debug|Any CPU
		{B4E95625-B182-48F9-A6E8-4FBF1E35FD7C}.Debug|Any CPU.Build.0 = Debug|Any CPU
		{B4E95625-B182-48F9-A6E8-4FBF1E35FD7C}.Release|Any CPU.ActiveCfg = Release|Any CPU
		{B4E95625-B182-48F9-A6E8-4FBF1E35FD7C}.Release|Any CPU.Build.0 = Release|Any CPU
	EndGlobalSection
EndGlobal
